// !$*UTF8*$!
{
	archiveVersion = 1;
	classes = {
	};
	objectVersion = 46;
	objects = {

/* Begin PBXBuildFile section */
		313BE0111CE2179D00255C4E /* main.cpp in Sources */ = {isa = PBXBuildFile; fileRef = 313BE0101CE2179D00255C4E /* main.cpp */; };
		313BE0181CE219B500255C4E /* libboost_system.dylib in Frameworks */ = {isa = PBXBuildFile; fileRef = 313BE0171CE219B500255C4E /* libboost_system.dylib */; };
		314168451CE458FF004D091C /* jsoncpp.cpp in Sources */ = {isa = PBXBuildFile; fileRef = 314168441CE458FF004D091C /* jsoncpp.cpp */; };
/* End PBXBuildFile section */

/* Begin PBXCopyFilesBuildPhase section */
		313BE00B1CE2179D00255C4E /* CopyFiles */ = {
			isa = PBXCopyFilesBuildPhase;
			buildActionMask = 2147483647;
			dstPath = /usr/share/man/man1/;
			dstSubfolderSpec = 0;
			files = (
			);
			runOnlyForDeploymentPostprocessing = 1;
		};
/* End PBXCopyFilesBuildPhase section */

/* Begin PBXFileReference section */
		313BE00D1CE2179D00255C4E /* EasyCryptoClient */ = {isa = PBXFileReference; explicitFileType = "compiled.mach-o.executable"; includeInIndex = 0; path = EasyCryptoClient; sourceTree = BUILT_PRODUCTS_DIR; };
		313BE0101CE2179D00255C4E /* main.cpp */ = {isa = PBXFileReference; lastKnownFileType = sourcecode.cpp.cpp; path = main.cpp; sourceTree = "<group>"; };
		313BE0171CE219B500255C4E /* libboost_system.dylib */ = {isa = PBXFileReference; lastKnownFileType = "compiled.mach-o.dylib"; path = libboost_system.dylib; sourceTree = "<group>"; };
		314168441CE458FF004D091C /* jsoncpp.cpp */ = {isa = PBXFileReference; fileEncoding = 4; lastKnownFileType = sourcecode.cpp.cpp; name = jsoncpp.cpp; path = ../../../jsoncpp/dist/jsoncpp.cpp; sourceTree = "<group>"; };
		314168461CE45914004D091C /* json-forwards.h */ = {isa = PBXFileReference; fileEncoding = 4; lastKnownFileType = sourcecode.c.h; name = "json-forwards.h"; path = "../../../jsoncpp/dist/json/json-forwards.h"; sourceTree = "<group>"; };
		314168471CE45914004D091C /* json.h */ = {isa = PBXFileReference; fileEncoding = 4; lastKnownFileType = sourcecode.c.h; name = json.h; path = ../../../jsoncpp/dist/json/json.h; sourceTree = "<group>"; };
/* End PBXFileReference section */

/* Begin PBXFrameworksBuildPhase section */
		313BE00A1CE2179D00255C4E /* Frameworks */ = {
			isa = PBXFrameworksBuildPhase;
			buildActionMask = 2147483647;
			files = (
				313BE0181CE219B500255C4E /* libboost_system.dylib in Frameworks */,
			);
			runOnlyForDeploymentPostprocessing = 0;
		};
/* End PBXFrameworksBuildPhase section */

/* Begin PBXGroup section */
		313BE0041CE2179D00255C4E = {
			isa = PBXGroup;
			children = (
				313BE0171CE219B500255C4E /* libboost_system.dylib */,
				313BE00F1CE2179D00255C4E /* EasyCryptoClient */,
				313BE00E1CE2179D00255C4E /* Products */,
			);
			sourceTree = "<group>";
		};
		313BE00E1CE2179D00255C4E /* Products */ = {
			isa = PBXGroup;
			children = (
				313BE00D1CE2179D00255C4E /* EasyCryptoClient */,
			);
			name = Products;
			sourceTree = "<group>";
		};
		313BE00F1CE2179D00255C4E /* EasyCryptoClient */ = {
			isa = PBXGroup;
			children = (
				314168461CE45914004D091C /* json-forwards.h */,
				314168471CE45914004D091C /* json.h */,
				314168441CE458FF004D091C /* jsoncpp.cpp */,
				313BE0101CE2179D00255C4E /* main.cpp */,
			);
			path = EasyCryptoClient;
			sourceTree = "<group>";
		};
/* End PBXGroup section */

/* Begin PBXNativeTarget section */
		313BE00C1CE2179D00255C4E /* EasyCryptoClient */ = {
			isa = PBXNativeTarget;
			buildConfigurationList = 313BE0141CE2179D00255C4E /* Build configuration list for PBXNativeTarget "EasyCryptoClient" */;
			buildPhases = (
				313BE0091CE2179D00255C4E /* Sources */,
				313BE00A1CE2179D00255C4E /* Frameworks */,
				313BE00B1CE2179D00255C4E /* CopyFiles */,
			);
			buildRules = (
			);
			dependencies = (
			);
			name = EasyCryptoClient;
			productName = EasyCryptoClient;
			productReference = 313BE00D1CE2179D00255C4E /* EasyCryptoClient */;
			productType = "com.apple.product-type.tool";
		};
/* End PBXNativeTarget section */

/* Begin PBXProject section */
		313BE0051CE2179D00255C4E /* Project object */ = {
			isa = PBXProject;
			attributes = {
				LastUpgradeCheck = 0730;
				ORGANIZATIONNAME = "Antti Juustila";
				TargetAttributes = {
					313BE00C1CE2179D00255C4E = {
						CreatedOnToolsVersion = 7.3.1;
					};
				};
			};
			buildConfigurationList = 313BE0081CE2179D00255C4E /* Build configuration list for PBXProject "EasyCryptoClient" */;
			compatibilityVersion = "Xcode 3.2";
			developmentRegion = English;
			hasScannedForEncodings = 0;
			knownRegions = (
				en,
			);
			mainGroup = 313BE0041CE2179D00255C4E;
			productRefGroup = 313BE00E1CE2179D00255C4E /* Products */;
			projectDirPath = "";
			projectRoot = "";
			targets = (
				313BE00C1CE2179D00255C4E /* EasyCryptoClient */,
			);
		};
/* End PBXProject section */

/* Begin PBXSourcesBuildPhase section */
		313BE0091CE2179D00255C4E /* Sources */ = {
			isa = PBXSourcesBuildPhase;
			buildActionMask = 2147483647;
			files = (
				313BE0111CE2179D00255C4E /* main.cpp in Sources */,
				314168451CE458FF004D091C /* jsoncpp.cpp in Sources */,
			);
			runOnlyForDeploymentPostprocessing = 0;
		};
/* End PBXSourcesBuildPhase section */

/* Begin XCBuildConfiguration section */
		313BE0121CE2179D00255C4E /* Debug */ = {
			isa = XCBuildConfiguration;
			buildSettings = {
				ALWAYS_SEARCH_USER_PATHS = NO;
				CLANG_ANALYZER_NONNULL = YES;
				CLANG_CXX_LANGUAGE_STANDARD = "gnu++0x";
				CLANG_CXX_LIBRARY = "libc++";
				CLANG_ENABLE_MODULES = YES;
				CLANG_ENABLE_OBJC_ARC = YES;
				CLANG_WARN_BOOL_CONVERSION = YES;
				CLANG_WARN_CONSTANT_CONVERSION = YES;
				CLANG_WARN_DIRECT_OBJC_ISA_USAGE = YES_ERROR;
				CLANG_WARN_EMPTY_BODY = YES;
				CLANG_WARN_ENUM_CONVERSION = YES;
				CLANG_WARN_INT_CONVERSION = YES;
				CLANG_WARN_OBJC_ROOT_CLASS = YES_ERROR;
				CLANG_WARN_UNREACHABLE_CODE = YES;
				CLANG_WARN__DUPLICATE_METHOD_MATCH = YES;
				CODE_SIGN_IDENTITY = "-";
				COPY_PHASE_STRIP = NO;
				DEBUG_INFORMATION_FORMAT = dwarf;
				ENABLE_STRICT_OBJC_MSGSEND = YES;
				ENABLE_TESTABILITY = YES;
				GCC_C_LANGUAGE_STANDARD = gnu99;
				GCC_DYNAMIC_NO_PIC = NO;
				GCC_NO_COMMON_BLOCKS = YES;
				GCC_OPTIMIZATION_LEVEL = 0;
				GCC_PREPROCESSOR_DEFINITIONS = (
					"DEBUG=1",
					"$(inherited)",
				);
				GCC_WARN_64_TO_32_BIT_CONVERSION = YES;
				GCC_WARN_ABOUT_RETURN_TYPE = YES_ERROR;
				GCC_WARN_UNDECLARED_SELECTOR = YES;
				GCC_WARN_UNINITIALIZED_AUTOS = YES_AGGRESSIVE;
				GCC_WARN_UNUSED_FUNCTION = YES;
				GCC_WARN_UNUSED_VARIABLE = YES;
				MACOSX_DEPLOYMENT_TARGET = 10.11;
				MTL_ENABLE_DEBUG_INFO = YES;
				ONLY_ACTIVE_ARCH = YES;
				SDKROOT = macosx;
			};
			name = Debug;
		};
		313BE0131CE2179D00255C4E /* Release */ = {
			isa = XCBuildConfiguration;
			buildSettings = {
				ALWAYS_SEARCH_USER_PATHS = NO;
				CLANG_ANALYZER_NONNULL = YES;
				CLANG_CXX_LANGUAGE_STANDARD = "gnu++0x";
				CLANG_CXX_LIBRARY = "libc++";
				CLANG_ENABLE_MODULES = YES;
				CLANG_ENABLE_OBJC_ARC = YES;
				CLANG_WARN_BOOL_CONVERSION = YES;
				CLANG_WARN_CONSTANT_CONVERSION = YES;
				CLANG_WARN_DIRECT_OBJC_ISA_USAGE = YES_ERROR;
				CLANG_WARN_EMPTY_BODY = YES;
				CLANG_WARN_ENUM_CONVERSION = YES;
				CLANG_WARN_INT_CONVERSION = YES;
				CLANG_WARN_OBJC_ROOT_CLASS = YES_ERROR;
				CLANG_WARN_UNREACHABLE_CODE = YES;
				CLANG_WARN__DUPLICATE_METHOD_MATCH = YES;
				CODE_SIGN_IDENTITY = "-";
				COPY_PHASE_STRIP = NO;
				DEBUG_INFORMATION_FORMAT = "dwarf-with-dsym";
				ENABLE_NS_ASSERTIONS = NO;
				ENABLE_STRICT_OBJC_MSGSEND = YES;
				GCC_C_LANGUAGE_STANDARD = gnu99;
				GCC_NO_COMMON_BLOCKS = YES;
				GCC_WARN_64_TO_32_BIT_CONVERSION = YES;
				GCC_WARN_ABOUT_RETURN_TYPE = YES_ERROR;
				GCC_WARN_UNDECLARED_SELECTOR = YES;
				GCC_WARN_UNINITIALIZED_AUTOS = YES_AGGRESSIVE;
				GCC_WARN_UNUSED_FUNCTION = YES;
				GCC_WARN_UNUSED_VARIABLE = YES;
				MACOSX_DEPLOYMENT_TARGET = 10.11;
				MTL_ENABLE_DEBUG_INFO = NO;
				SDKROOT = macosx;
			};
			name = Release;
		};
		313BE0151CE2179D00255C4E /* Debug */ = {
			isa = XCBuildConfiguration;
			buildSettings = {
				HEADER_SEARCH_PATHS = /Users/juustila/boost_1_60_0;
				LIBRARY_SEARCH_PATHS = (
					"$(inherited)",
					"$(PROJECT_DIR)",
				);
				PRODUCT_NAME = "$(TARGET_NAME)";
			};
			name = Debug;
		};
		313BE0161CE2179D00255C4E /* Release */ = {
			isa = XCBuildConfiguration;
			buildSettings = {
				HEADER_SEARCH_PATHS = /Users/juustila/boost_1_60_0;
				LIBRARY_SEARCH_PATHS = (
					"$(inherited)",
					"$(PROJECT_DIR)",
				);
				PRODUCT_NAME = "$(TARGET_NAME)";
			};
			name = Release;
		};
/* End XCBuildConfiguration section */

/* Begin XCConfigurationList section */
		313BE0081CE2179D00255C4E /* Build configuration list for PBXProject "EasyCryptoClient" */ = {
			isa = XCConfigurationList;
			buildConfigurations = (
				313BE0121CE2179D00255C4E /* Debug */,
				313BE0131CE2179D00255C4E /* Release */,
			);
			defaultConfigurationIsVisible = 0;
			defaultConfigurationName = Release;
		};
		313BE0141CE2179D00255C4E /* Build configuration list for PBXNativeTarget "EasyCryptoClient" */ = {
			isa = XCConfigurationList;
			buildConfigurations = (
				313BE0151CE2179D00255C4E /* Debug */,
				313BE0161CE2179D00255C4E /* Release */,
			);
			defaultConfigurationIsVisible = 0;
			defaultConfigurationName = Release;
		};
/* End XCConfigurationList section */
	};
	rootObject = 313BE0051CE2179D00255C4E /* Project object */;
}
