// !$*UTF8*$!
{
	archiveVersion = 1;
	classes = {
	};
	objectVersion = 46;
	objects = {

/* Begin PBXBuildFile section */
		313BDFE81CE1DD1D00255C4E /* main.cpp in Sources */ = {isa = PBXBuildFile; fileRef = 313BDFE71CE1DD1D00255C4E /* main.cpp */; };
		313BDFF01CE1E1EB00255C4E /* CryptoServer.cpp in Sources */ = {isa = PBXBuildFile; fileRef = 313BDFEE1CE1E1EB00255C4E /* CryptoServer.cpp */; };
		313BDFF21CE1E87300255C4E /* libEasyCryptoLib.dylib in Frameworks */ = {isa = PBXBuildFile; fileRef = 313BDFF11CE1E87300255C4E /* libEasyCryptoLib.dylib */; settings = {ATTRIBUTES = (Required, ); }; };
		313BDFF61CE20CBE00255C4E /* jsoncpp.cpp in Sources */ = {isa = PBXBuildFile; fileRef = 313BDFF51CE20CBE00255C4E /* jsoncpp.cpp */; };
		313BE0031CE2161500255C4E /* libboost_system.dylib in Frameworks */ = {isa = PBXBuildFile; fileRef = 313BE0021CE2161500255C4E /* libboost_system.dylib */; };
/* End PBXBuildFile section */

/* Begin PBXCopyFilesBuildPhase section */
		313BDFE21CE1DD1D00255C4E /* CopyFiles */ = {
			isa = PBXCopyFilesBuildPhase;
			buildActionMask = 2147483647;
			dstPath = /usr/share/man/man1/;
			dstSubfolderSpec = 0;
			files = (
			);
			runOnlyForDeploymentPostprocessing = 1;
		};
/* End PBXCopyFilesBuildPhase section */

/* Begin PBXFileReference section */
		313BDFE41CE1DD1D00255C4E /* EasyCryptoServer */ = {isa = PBXFileReference; explicitFileType = "compiled.mach-o.executable"; includeInIndex = 0; path = EasyCryptoServer; sourceTree = BUILT_PRODUCTS_DIR; };
		313BDFE71CE1DD1D00255C4E /* main.cpp */ = {isa = PBXFileReference; lastKnownFileType = sourcecode.cpp.cpp; path = main.cpp; sourceTree = "<group>"; };
		313BDFEE1CE1E1EB00255C4E /* CryptoServer.cpp */ = {isa = PBXFileReference; fileEncoding = 4; lastKnownFileType = sourcecode.cpp.cpp; path = CryptoServer.cpp; sourceTree = "<group>"; };
		313BDFEF1CE1E1EB00255C4E /* CryptoServer.hpp */ = {isa = PBXFileReference; fileEncoding = 4; lastKnownFileType = sourcecode.cpp.h; path = CryptoServer.hpp; sourceTree = "<group>"; };
		313BDFF11CE1E87300255C4E /* libEasyCryptoLib.dylib */ = {isa = PBXFileReference; lastKnownFileType = "compiled.mach-o.dylib"; name = libEasyCryptoLib.dylib; path = "../../../../Library/Developer/Xcode/DerivedData/EasyCrypto-gdmctpvgqfuwuyaksslxtmvdulbq/Build/Products/Debug/libEasyCryptoLib.dylib"; sourceTree = "<group>"; };
		313BDFF31CE20CAA00255C4E /* json-forwards.h */ = {isa = PBXFileReference; fileEncoding = 4; lastKnownFileType = sourcecode.c.h; name = "json-forwards.h"; path = "../../../jsoncpp/dist/json/json-forwards.h"; sourceTree = "<group>"; };
		313BDFF41CE20CAA00255C4E /* json.h */ = {isa = PBXFileReference; fileEncoding = 4; lastKnownFileType = sourcecode.c.h; name = json.h; path = ../../../jsoncpp/dist/json/json.h; sourceTree = "<group>"; };
		313BDFF51CE20CBE00255C4E /* jsoncpp.cpp */ = {isa = PBXFileReference; fileEncoding = 4; lastKnownFileType = sourcecode.cpp.cpp; name = jsoncpp.cpp; path = ../../../jsoncpp/dist/jsoncpp.cpp; sourceTree = "<group>"; };
		313BE0021CE2161500255C4E /* libboost_system.dylib */ = {isa = PBXFileReference; lastKnownFileType = "compiled.mach-o.dylib"; path = libboost_system.dylib; sourceTree = "<group>"; };
		313BE0201CE2554F00255C4E /* Version.hpp */ = {isa = PBXFileReference; fileEncoding = 4; lastKnownFileType = sourcecode.cpp.h; path = Version.hpp; sourceTree = "<group>"; };
/* End PBXFileReference section */

/* Begin PBXFrameworksBuildPhase section */
		313BDFE11CE1DD1D00255C4E /* Frameworks */ = {
			isa = PBXFrameworksBuildPhase;
			buildActionMask = 2147483647;
			files = (
				313BDFF21CE1E87300255C4E /* libEasyCryptoLib.dylib in Frameworks */,
				313BE0031CE2161500255C4E /* libboost_system.dylib in Frameworks */,
			);
			runOnlyForDeploymentPostprocessing = 0;
		};
/* End PBXFrameworksBuildPhase section */

/* Begin PBXGroup section */
		313BDFDB1CE1DD1D00255C4E = {
			isa = PBXGroup;
			children = (
				313BE0021CE2161500255C4E /* libboost_system.dylib */,
				313BDFF11CE1E87300255C4E /* libEasyCryptoLib.dylib */,
				313BDFE61CE1DD1D00255C4E /* EasyCryptoServer */,
				313BDFE51CE1DD1D00255C4E /* Products */,
			);
			sourceTree = "<group>";
		};
		313BDFE51CE1DD1D00255C4E /* Products */ = {
			isa = PBXGroup;
			children = (
				313BDFE41CE1DD1D00255C4E /* EasyCryptoServer */,
			);
			name = Products;
			sourceTree = "<group>";
		};
		313BDFE61CE1DD1D00255C4E /* EasyCryptoServer */ = {
			isa = PBXGroup;
			children = (
				313BDFF51CE20CBE00255C4E /* jsoncpp.cpp */,
				313BE0201CE2554F00255C4E /* Version.hpp */,
				313BDFF31CE20CAA00255C4E /* json-forwards.h */,
				313BDFF41CE20CAA00255C4E /* json.h */,
				313BDFEE1CE1E1EB00255C4E /* CryptoServer.cpp */,
				313BDFEF1CE1E1EB00255C4E /* CryptoServer.hpp */,
				313BDFE71CE1DD1D00255C4E /* main.cpp */,
			);
			path = EasyCryptoServer;
			sourceTree = "<group>";
		};
/* End PBXGroup section */

/* Begin PBXNativeTarget section */
		313BDFE31CE1DD1D00255C4E /* EasyCryptoServer */ = {
			isa = PBXNativeTarget;
			buildConfigurationList = 313BDFEB1CE1DD1D00255C4E /* Build configuration list for PBXNativeTarget "EasyCryptoServer" */;
			buildPhases = (
				313BDFE01CE1DD1D00255C4E /* Sources */,
				313BDFE11CE1DD1D00255C4E /* Frameworks */,
				313BDFE21CE1DD1D00255C4E /* CopyFiles */,
			);
			buildRules = (
			);
			dependencies = (
			);
			name = EasyCryptoServer;
			productName = EasyCryptoServer;
			productReference = 313BDFE41CE1DD1D00255C4E /* EasyCryptoServer */;
			productType = "com.apple.product-type.tool";
		};
/* End PBXNativeTarget section */

/* Begin PBXProject section */
		313BDFDC1CE1DD1D00255C4E /* Project object */ = {
			isa = PBXProject;
			attributes = {
				LastUpgradeCheck = 0730;
				ORGANIZATIONNAME = "Antti Juustila";
				TargetAttributes = {
					313BDFE31CE1DD1D00255C4E = {
						CreatedOnToolsVersion = 7.3.1;
					};
				};
			};
			buildConfigurationList = 313BDFDF1CE1DD1D00255C4E /* Build configuration list for PBXProject "EasyCryptoServer" */;
			compatibilityVersion = "Xcode 3.2";
			developmentRegion = English;
			hasScannedForEncodings = 0;
			knownRegions = (
				en,
			);
			mainGroup = 313BDFDB1CE1DD1D00255C4E;
			productRefGroup = 313BDFE51CE1DD1D00255C4E /* Products */;
			projectDirPath = "";
			projectRoot = "";
			targets = (
				313BDFE31CE1DD1D00255C4E /* EasyCryptoServer */,
			);
		};
/* End PBXProject section */

/* Begin PBXSourcesBuildPhase section */
		313BDFE01CE1DD1D00255C4E /* Sources */ = {
			isa = PBXSourcesBuildPhase;
			buildActionMask = 2147483647;
			files = (
				313BDFF61CE20CBE00255C4E /* jsoncpp.cpp in Sources */,
				313BDFE81CE1DD1D00255C4E /* main.cpp in Sources */,
				313BDFF01CE1E1EB00255C4E /* CryptoServer.cpp in Sources */,
			);
			runOnlyForDeploymentPostprocessing = 0;
		};
/* End PBXSourcesBuildPhase section */

/* Begin XCBuildConfiguration section */
		313BDFE91CE1DD1D00255C4E /* Debug */ = {
			isa = XCBuildConfiguration;
			buildSettings = {
				ALWAYS_SEARCH_USER_PATHS = NO;
				CLANG_ANALYZER_NONNULL = YES;
				CLANG_CXX_LANGUAGE_STANDARD = "gnu++0x";
				CLANG_CXX_LIBRARY = "libc++";
				CLANG_ENABLE_MODULES = YES;
				CLANG_ENABLE_OBJC_ARC = YES;
				CLANG_WARN_BOOL_CONVERSION = YES;
				CLANG_WARN_CONSTANT_CONVERSION = YES;
				CLANG_WARN_DIRECT_OBJC_ISA_USAGE = YES_ERROR;
				CLANG_WARN_EMPTY_BODY = YES;
				CLANG_WARN_ENUM_CONVERSION = YES;
				CLANG_WARN_INT_CONVERSION = YES;
				CLANG_WARN_OBJC_ROOT_CLASS = YES_ERROR;
				CLANG_WARN_UNREACHABLE_CODE = YES;
				CLANG_WARN__DUPLICATE_METHOD_MATCH = YES;
				CODE_SIGN_IDENTITY = "-";
				COPY_PHASE_STRIP = NO;
				DEBUG_INFORMATION_FORMAT = dwarf;
				ENABLE_STRICT_OBJC_MSGSEND = YES;
				ENABLE_TESTABILITY = YES;
				GCC_C_LANGUAGE_STANDARD = gnu99;
				GCC_DYNAMIC_NO_PIC = NO;
				GCC_NO_COMMON_BLOCKS = YES;
				GCC_OPTIMIZATION_LEVEL = 0;
				GCC_PREPROCESSOR_DEFINITIONS = (
					"DEBUG=1",
					"$(inherited)",
				);
				GCC_WARN_64_TO_32_BIT_CONVERSION = YES;
				GCC_WARN_ABOUT_RETURN_TYPE = YES_ERROR;
				GCC_WARN_UNDECLARED_SELECTOR = YES;
				GCC_WARN_UNINITIALIZED_AUTOS = YES_AGGRESSIVE;
				GCC_WARN_UNUSED_FUNCTION = YES;
				GCC_WARN_UNUSED_VARIABLE = YES;
				MACOSX_DEPLOYMENT_TARGET = 10.11;
				MTL_ENABLE_DEBUG_INFO = YES;
				ONLY_ACTIVE_ARCH = YES;
				SDKROOT = macosx;
			};
			name = Debug;
		};
		313BDFEA1CE1DD1D00255C4E /* Release */ = {
			isa = XCBuildConfiguration;
			buildSettings = {
				ALWAYS_SEARCH_USER_PATHS = NO;
				CLANG_ANALYZER_NONNULL = YES;
				CLANG_CXX_LANGUAGE_STANDARD = "gnu++0x";
				CLANG_CXX_LIBRARY = "libc++";
				CLANG_ENABLE_MODULES = YES;
				CLANG_ENABLE_OBJC_ARC = YES;
				CLANG_WARN_BOOL_CONVERSION = YES;
				CLANG_WARN_CONSTANT_CONVERSION = YES;
				CLANG_WARN_DIRECT_OBJC_ISA_USAGE = YES_ERROR;
				CLANG_WARN_EMPTY_BODY = YES;
				CLANG_WARN_ENUM_CONVERSION = YES;
				CLANG_WARN_INT_CONVERSION = YES;
				CLANG_WARN_OBJC_ROOT_CLASS = YES_ERROR;
				CLANG_WARN_UNREACHABLE_CODE = YES;
				CLANG_WARN__DUPLICATE_METHOD_MATCH = YES;
				CODE_SIGN_IDENTITY = "-";
				COPY_PHASE_STRIP = NO;
				DEBUG_INFORMATION_FORMAT = "dwarf-with-dsym";
				ENABLE_NS_ASSERTIONS = NO;
				ENABLE_STRICT_OBJC_MSGSEND = YES;
				GCC_C_LANGUAGE_STANDARD = gnu99;
				GCC_NO_COMMON_BLOCKS = YES;
				GCC_WARN_64_TO_32_BIT_CONVERSION = YES;
				GCC_WARN_ABOUT_RETURN_TYPE = YES_ERROR;
				GCC_WARN_UNDECLARED_SELECTOR = YES;
				GCC_WARN_UNINITIALIZED_AUTOS = YES_AGGRESSIVE;
				GCC_WARN_UNUSED_FUNCTION = YES;
				GCC_WARN_UNUSED_VARIABLE = YES;
				MACOSX_DEPLOYMENT_TARGET = 10.11;
				MTL_ENABLE_DEBUG_INFO = NO;
				SDKROOT = macosx;
			};
			name = Release;
		};
		313BDFEC1CE1DD1D00255C4E /* Debug */ = {
			isa = XCBuildConfiguration;
			buildSettings = {
				HEADER_SEARCH_PATHS = /Users/juustila/boost_1_60_0;
				LIBRARY_SEARCH_PATHS = (
					"$(inherited)",
					"$(PROJECT_DIR)",
				);
				PRODUCT_NAME = "$(TARGET_NAME)";
			};
			name = Debug;
		};
		313BDFED1CE1DD1D00255C4E /* Release */ = {
			isa = XCBuildConfiguration;
			buildSettings = {
				HEADER_SEARCH_PATHS = /Users/juustila/boost_1_60_0;
				LIBRARY_SEARCH_PATHS = (
					"$(inherited)",
					"$(PROJECT_DIR)",
				);
				PRODUCT_NAME = "$(TARGET_NAME)";
			};
			name = Release;
		};
/* End XCBuildConfiguration section */

/* Begin XCConfigurationList section */
		313BDFDF1CE1DD1D00255C4E /* Build configuration list for PBXProject "EasyCryptoServer" */ = {
			isa = XCConfigurationList;
			buildConfigurations = (
				313BDFE91CE1DD1D00255C4E /* Debug */,
				313BDFEA1CE1DD1D00255C4E /* Release */,
			);
			defaultConfigurationIsVisible = 0;
			defaultConfigurationName = Release;
		};
		313BDFEB1CE1DD1D00255C4E /* Build configuration list for PBXNativeTarget "EasyCryptoServer" */ = {
			isa = XCConfigurationList;
			buildConfigurations = (
				313BDFEC1CE1DD1D00255C4E /* Debug */,
				313BDFED1CE1DD1D00255C4E /* Release */,
			);
			defaultConfigurationIsVisible = 0;
		};
/* End XCConfigurationList section */
	};
	rootObject = 313BDFDC1CE1DD1D00255C4E /* Project object */;
}
