// !$*UTF8*$!
{
	archiveVersion = 1;
	classes = {
	};
	objectVersion = 46;
	objects = {

/* Begin PBXBuildFile section */
		3194F90D1CD9F7CC00333416 /* main.cpp in Sources */ = {isa = PBXBuildFile; fileRef = 3194F90C1CD9F7CC00333416 /* main.cpp */; };
		3194F9151CDA00B700333416 /* libEasyCryptoLib.dylib in Frameworks */ = {isa = PBXBuildFile; fileRef = 3194F9141CDA00B700333416 /* libEasyCryptoLib.dylib */; };
/* End PBXBuildFile section */

/* Begin PBXCopyFilesBuildPhase section */
		3194F9071CD9F7CC00333416 /* CopyFiles */ = {
			isa = PBXCopyFilesBuildPhase;
			buildActionMask = 2147483647;
			dstPath = /usr/share/man/man1/;
			dstSubfolderSpec = 0;
			files = (
			);
			runOnlyForDeploymentPostprocessing = 1;
		};
/* End PBXCopyFilesBuildPhase section */

/* Begin PBXFileReference section */
		3194F9091CD9F7CC00333416 /* CryptoClientConsole */ = {isa = PBXFileReference; explicitFileType = "compiled.mach-o.executable"; includeInIndex = 0; path = CryptoClientConsole; sourceTree = BUILT_PRODUCTS_DIR; };
		3194F90C1CD9F7CC00333416 /* main.cpp */ = {isa = PBXFileReference; lastKnownFileType = sourcecode.cpp.cpp; path = main.cpp; sourceTree = "<group>"; };
		3194F9141CDA00B700333416 /* libEasyCryptoLib.dylib */ = {isa = PBXFileReference; lastKnownFileType = "compiled.mach-o.dylib"; name = libEasyCryptoLib.dylib; path = "../../../../Library/Developer/Xcode/DerivedData/EasyCrypto-gdmctpvgqfuwuyaksslxtmvdulbq/Build/Products/Debug/libEasyCryptoLib.dylib"; sourceTree = "<group>"; };
/* End PBXFileReference section */

/* Begin PBXFrameworksBuildPhase section */
		3194F9061CD9F7CC00333416 /* Frameworks */ = {
			isa = PBXFrameworksBuildPhase;
			buildActionMask = 2147483647;
			files = (
				3194F9151CDA00B700333416 /* libEasyCryptoLib.dylib in Frameworks */,
			);
			runOnlyForDeploymentPostprocessing = 0;
		};
/* End PBXFrameworksBuildPhase section */

/* Begin PBXGroup section */
		3194F9001CD9F7CC00333416 = {
			isa = PBXGroup;
			children = (
				3194F9141CDA00B700333416 /* libEasyCryptoLib.dylib */,
				3194F90B1CD9F7CC00333416 /* CryptoClientConsole */,
				3194F90A1CD9F7CC00333416 /* Products */,
			);
			sourceTree = "<group>";
		};
		3194F90A1CD9F7CC00333416 /* Products */ = {
			isa = PBXGroup;
			children = (
				3194F9091CD9F7CC00333416 /* CryptoClientConsole */,
			);
			name = Products;
			sourceTree = "<group>";
		};
		3194F90B1CD9F7CC00333416 /* CryptoClientConsole */ = {
			isa = PBXGroup;
			children = (
				3194F90C1CD9F7CC00333416 /* main.cpp */,
			);
			path = CryptoClientConsole;
			sourceTree = "<group>";
		};
/* End PBXGroup section */

/* Begin PBXNativeTarget section */
		3194F9081CD9F7CC00333416 /* CryptoClientConsole */ = {
			isa = PBXNativeTarget;
			buildConfigurationList = 3194F9101CD9F7CC00333416 /* Build configuration list for PBXNativeTarget "CryptoClientConsole" */;
			buildPhases = (
				3194F9051CD9F7CC00333416 /* Sources */,
				3194F9061CD9F7CC00333416 /* Frameworks */,
				3194F9071CD9F7CC00333416 /* CopyFiles */,
			);
			buildRules = (
			);
			dependencies = (
			);
			name = CryptoClientConsole;
			productName = CryptoClientConsole;
			productReference = 3194F9091CD9F7CC00333416 /* CryptoClientConsole */;
			productType = "com.apple.product-type.tool";
		};
/* End PBXNativeTarget section */

/* Begin PBXProject section */
		3194F9011CD9F7CC00333416 /* Project object */ = {
			isa = PBXProject;
			attributes = {
				LastUpgradeCheck = 0730;
				ORGANIZATIONNAME = "Antti Juustila";
				TargetAttributes = {
					3194F9081CD9F7CC00333416 = {
						CreatedOnToolsVersion = 7.3;
					};
				};
			};
			buildConfigurationList = 3194F9041CD9F7CC00333416 /* Build configuration list for PBXProject "CryptoClientConsole" */;
			compatibilityVersion = "Xcode 3.2";
			developmentRegion = English;
			hasScannedForEncodings = 0;
			knownRegions = (
				en,
			);
			mainGroup = 3194F9001CD9F7CC00333416;
			productRefGroup = 3194F90A1CD9F7CC00333416 /* Products */;
			projectDirPath = "";
			projectRoot = "";
			targets = (
				3194F9081CD9F7CC00333416 /* CryptoClientConsole */,
			);
		};
/* End PBXProject section */

/* Begin PBXSourcesBuildPhase section */
		3194F9051CD9F7CC00333416 /* Sources */ = {
			isa = PBXSourcesBuildPhase;
			buildActionMask = 2147483647;
			files = (
				3194F90D1CD9F7CC00333416 /* main.cpp in Sources */,
			);
			runOnlyForDeploymentPostprocessing = 0;
		};
/* End PBXSourcesBuildPhase section */

/* Begin XCBuildConfiguration section */
		3194F90E1CD9F7CC00333416 /* Debug */ = {
			isa = XCBuildConfiguration;
			buildSettings = {
				ALWAYS_SEARCH_USER_PATHS = NO;
				CLANG_ANALYZER_NONNULL = YES;
				CLANG_CXX_LANGUAGE_STANDARD = "gnu++0x";
				CLANG_CXX_LIBRARY = "libc++";
				CLANG_ENABLE_MODULES = YES;
				CLANG_ENABLE_OBJC_ARC = YES;
				CLANG_WARN_BOOL_CONVERSION = YES;
				CLANG_WARN_CONSTANT_CONVERSION = YES;
				CLANG_WARN_DIRECT_OBJC_ISA_USAGE = YES_ERROR;
				CLANG_WARN_EMPTY_BODY = YES;
				CLANG_WARN_ENUM_CONVERSION = YES;
				CLANG_WARN_INT_CONVERSION = YES;
				CLANG_WARN_OBJC_ROOT_CLASS = YES_ERROR;
				CLANG_WARN_UNREACHABLE_CODE = YES;
				CLANG_WARN__DUPLICATE_METHOD_MATCH = YES;
				CODE_SIGN_IDENTITY = "-";
				COPY_PHASE_STRIP = NO;
				DEBUG_INFORMATION_FORMAT = dwarf;
				ENABLE_STRICT_OBJC_MSGSEND = YES;
				ENABLE_TESTABILITY = YES;
				GCC_C_LANGUAGE_STANDARD = gnu99;
				GCC_DYNAMIC_NO_PIC = NO;
				GCC_NO_COMMON_BLOCKS = YES;
				GCC_OPTIMIZATION_LEVEL = 0;
				GCC_PREPROCESSOR_DEFINITIONS = (
					"DEBUG=1",
					"$(inherited)",
				);
				GCC_WARN_64_TO_32_BIT_CONVERSION = YES;
				GCC_WARN_ABOUT_RETURN_TYPE = YES_ERROR;
				GCC_WARN_UNDECLARED_SELECTOR = YES;
				GCC_WARN_UNINITIALIZED_AUTOS = YES_AGGRESSIVE;
				GCC_WARN_UNUSED_FUNCTION = YES;
				GCC_WARN_UNUSED_VARIABLE = YES;
				LIBRARY_SEARCH_PATHS = "";
				MACOSX_DEPLOYMENT_TARGET = 10.11;
				MTL_ENABLE_DEBUG_INFO = YES;
				ONLY_ACTIVE_ARCH = YES;
				"PRELINK_LIBS[arch=*]" = /usr/local/library/libEasyCryptoLib.dylib;
				SDKROOT = macosx;
			};
			name = Debug;
		};
		3194F90F1CD9F7CC00333416 /* Release */ = {
			isa = XCBuildConfiguration;
			buildSettings = {
				ALWAYS_SEARCH_USER_PATHS = NO;
				CLANG_ANALYZER_NONNULL = YES;
				CLANG_CXX_LANGUAGE_STANDARD = "gnu++0x";
				CLANG_CXX_LIBRARY = "libc++";
				CLANG_ENABLE_MODULES = YES;
				CLANG_ENABLE_OBJC_ARC = YES;
				CLANG_WARN_BOOL_CONVERSION = YES;
				CLANG_WARN_CONSTANT_CONVERSION = YES;
				CLANG_WARN_DIRECT_OBJC_ISA_USAGE = YES_ERROR;
				CLANG_WARN_EMPTY_BODY = YES;
				CLANG_WARN_ENUM_CONVERSION = YES;
				CLANG_WARN_INT_CONVERSION = YES;
				CLANG_WARN_OBJC_ROOT_CLASS = YES_ERROR;
				CLANG_WARN_UNREACHABLE_CODE = YES;
				CLANG_WARN__DUPLICATE_METHOD_MATCH = YES;
				CODE_SIGN_IDENTITY = "-";
				COPY_PHASE_STRIP = NO;
				DEBUG_INFORMATION_FORMAT = "dwarf-with-dsym";
				ENABLE_NS_ASSERTIONS = NO;
				ENABLE_STRICT_OBJC_MSGSEND = YES;
				GCC_C_LANGUAGE_STANDARD = gnu99;
				GCC_NO_COMMON_BLOCKS = YES;
				GCC_WARN_64_TO_32_BIT_CONVERSION = YES;
				GCC_WARN_ABOUT_RETURN_TYPE = YES_ERROR;
				GCC_WARN_UNDECLARED_SELECTOR = YES;
				GCC_WARN_UNINITIALIZED_AUTOS = YES_AGGRESSIVE;
				GCC_WARN_UNUSED_FUNCTION = YES;
				GCC_WARN_UNUSED_VARIABLE = YES;
				LIBRARY_SEARCH_PATHS = "";
				MACOSX_DEPLOYMENT_TARGET = 10.11;
				MTL_ENABLE_DEBUG_INFO = NO;
				SDKROOT = macosx;
			};
			name = Release;
		};
		3194F9111CD9F7CC00333416 /* Debug */ = {
			isa = XCBuildConfiguration;
			buildSettings = {
				HEADER_SEARCH_PATHS = /usr/local/include;
				PRODUCT_NAME = "$(TARGET_NAME)";
			};
			name = Debug;
		};
		3194F9121CD9F7CC00333416 /* Release */ = {
			isa = XCBuildConfiguration;
			buildSettings = {
				HEADER_SEARCH_PATHS = /usr/local/include;
				PRODUCT_NAME = "$(TARGET_NAME)";
			};
			name = Release;
		};
/* End XCBuildConfiguration section */

/* Begin XCConfigurationList section */
		3194F9041CD9F7CC00333416 /* Build configuration list for PBXProject "CryptoClientConsole" */ = {
			isa = XCConfigurationList;
			buildConfigurations = (
				3194F90E1CD9F7CC00333416 /* Debug */,
				3194F90F1CD9F7CC00333416 /* Release */,
			);
			defaultConfigurationIsVisible = 0;
			defaultConfigurationName = Release;
		};
		3194F9101CD9F7CC00333416 /* Build configuration list for PBXNativeTarget "CryptoClientConsole" */ = {
			isa = XCConfigurationList;
			buildConfigurations = (
				3194F9111CD9F7CC00333416 /* Debug */,
				3194F9121CD9F7CC00333416 /* Release */,
			);
			defaultConfigurationIsVisible = 0;
			defaultConfigurationName = Release;
		};
/* End XCConfigurationList section */
	};
	rootObject = 3194F9011CD9F7CC00333416 /* Project object */;
}
