// !$*UTF8*$!
{
	archiveVersion = 1;
	classes = {
	};
	objectVersion = 46;
	objects = {

/* Begin PBXBuildFile section */
		3141684B1CE60FDC004D091C /* EasyCryptoLib.hpp in CopyFiles */ = {isa = PBXBuildFile; fileRef = 3194F8F31CD86D9200333416 /* EasyCryptoLib.hpp */; };
		3141684C1CE60FDC004D091C /* EasyCryptoLibBad.hpp in CopyFiles */ = {isa = PBXBuildFile; fileRef = 3194F91B1CDA1D9100333416 /* EasyCryptoLibBad.hpp */; };
		3141684F1CE61227004D091C /* libEasyCryptoLib.dylib in CopyFiles */ = {isa = PBXBuildFile; fileRef = 3194F8F01CD86D9200333416 /* libEasyCryptoLib.dylib */; };
		3194F8F61CD86D9200333416 /* EasyCryptoPriv.hpp in Headers */ = {isa = PBXBuildFile; fileRef = 3194F8F51CD86D9200333416 /* EasyCryptoPriv.hpp */; };
		3194F8F81CD86D9200333416 /* EasyCryptoLib.cpp in Sources */ = {isa = PBXBuildFile; fileRef = 3194F8F71CD86D9200333416 /* EasyCryptoLib.cpp */; };
		3194F9191CDA092100333416 /* EasyCryptoPrivReverse.cpp in Sources */ = {isa = PBXBuildFile; fileRef = 3194F9171CDA092100333416 /* EasyCryptoPrivReverse.cpp */; };
		3194F91A1CDA092100333416 /* EasyCryptoPrivReverse.hpp in Headers */ = {isa = PBXBuildFile; fileRef = 3194F9181CDA092100333416 /* EasyCryptoPrivReverse.hpp */; };
		3194F91E1CDA1DD000333416 /* EasyCryptoPrivMatrix.cpp in Sources */ = {isa = PBXBuildFile; fileRef = 3194F91C1CDA1DD000333416 /* EasyCryptoPrivMatrix.cpp */; };
		3194F91F1CDA1DD000333416 /* EasyCryptoPrivMatrix.hpp in Headers */ = {isa = PBXBuildFile; fileRef = 3194F91D1CDA1DD000333416 /* EasyCryptoPrivMatrix.hpp */; };
		3194F9221CDA3E4E00333416 /* EasyCryptoLibBad.cpp in Sources */ = {isa = PBXBuildFile; fileRef = 3194F9211CDA3E4E00333416 /* EasyCryptoLibBad.cpp */; };
/* End PBXBuildFile section */

/* Begin PBXCopyFilesBuildPhase section */
		3141684A1CE60FB4004D091C /* CopyFiles */ = {
			isa = PBXCopyFilesBuildPhase;
			buildActionMask = 2147483647;
			dstPath = /usr/local/include;
			dstSubfolderSpec = 0;
			files = (
				3141684B1CE60FDC004D091C /* EasyCryptoLib.hpp in CopyFiles */,
				3141684C1CE60FDC004D091C /* EasyCryptoLibBad.hpp in CopyFiles */,
			);
			runOnlyForDeploymentPostprocessing = 0;
		};
		3141684E1CE61212004D091C /* CopyFiles */ = {
			isa = PBXCopyFilesBuildPhase;
			buildActionMask = 2147483647;
			dstPath = /usr/local/lib;
			dstSubfolderSpec = 0;
			files = (
				3141684F1CE61227004D091C /* libEasyCryptoLib.dylib in CopyFiles */,
			);
			runOnlyForDeploymentPostprocessing = 0;
		};
/* End PBXCopyFilesBuildPhase section */

/* Begin PBXFileReference section */
		315F3ACE1CFD6E1E005F22FC /* EasyCryptoExceptions.hpp */ = {isa = PBXFileReference; lastKnownFileType = sourcecode.cpp.h; path = EasyCryptoExceptions.hpp; sourceTree = "<group>"; };
		3194F8F01CD86D9200333416 /* libEasyCryptoLib.dylib */ = {isa = PBXFileReference; explicitFileType = "compiled.mach-o.dylib"; includeInIndex = 0; path = libEasyCryptoLib.dylib; sourceTree = BUILT_PRODUCTS_DIR; };
		3194F8F31CD86D9200333416 /* EasyCryptoLib.hpp */ = {isa = PBXFileReference; lastKnownFileType = sourcecode.cpp.h; path = EasyCryptoLib.hpp; sourceTree = "<group>"; };
		3194F8F51CD86D9200333416 /* EasyCryptoPriv.hpp */ = {isa = PBXFileReference; lastKnownFileType = sourcecode.cpp.h; path = EasyCryptoPriv.hpp; sourceTree = "<group>"; };
		3194F8F71CD86D9200333416 /* EasyCryptoLib.cpp */ = {isa = PBXFileReference; lastKnownFileType = sourcecode.cpp.cpp; path = EasyCryptoLib.cpp; sourceTree = "<group>"; };
		3194F9171CDA092100333416 /* EasyCryptoPrivReverse.cpp */ = {isa = PBXFileReference; fileEncoding = 4; lastKnownFileType = sourcecode.cpp.cpp; path = EasyCryptoPrivReverse.cpp; sourceTree = "<group>"; };
		3194F9181CDA092100333416 /* EasyCryptoPrivReverse.hpp */ = {isa = PBXFileReference; fileEncoding = 4; lastKnownFileType = sourcecode.cpp.h; path = EasyCryptoPrivReverse.hpp; sourceTree = "<group>"; };
		3194F91B1CDA1D9100333416 /* EasyCryptoLibBad.hpp */ = {isa = PBXFileReference; lastKnownFileType = sourcecode.cpp.h; path = EasyCryptoLibBad.hpp; sourceTree = "<group>"; };
		3194F91C1CDA1DD000333416 /* EasyCryptoPrivMatrix.cpp */ = {isa = PBXFileReference; fileEncoding = 4; lastKnownFileType = sourcecode.cpp.cpp; path = EasyCryptoPrivMatrix.cpp; sourceTree = "<group>"; };
		3194F91D1CDA1DD000333416 /* EasyCryptoPrivMatrix.hpp */ = {isa = PBXFileReference; fileEncoding = 4; lastKnownFileType = sourcecode.cpp.h; path = EasyCryptoPrivMatrix.hpp; sourceTree = "<group>"; };
		3194F9211CDA3E4E00333416 /* EasyCryptoLibBad.cpp */ = {isa = PBXFileReference; fileEncoding = 4; lastKnownFileType = sourcecode.cpp.cpp; path = EasyCryptoLibBad.cpp; sourceTree = "<group>"; };
/* End PBXFileReference section */

/* Begin PBXFrameworksBuildPhase section */
		3194F8ED1CD86D9200333416 /* Frameworks */ = {
			isa = PBXFrameworksBuildPhase;
			buildActionMask = 2147483647;
			files = (
			);
			runOnlyForDeploymentPostprocessing = 0;
		};
/* End PBXFrameworksBuildPhase section */

/* Begin PBXGroup section */
		3194F8E71CD86D9200333416 = {
			isa = PBXGroup;
			children = (
				3194F8F21CD86D9200333416 /* EasyCryptoLib */,
				3194F8F11CD86D9200333416 /* Products */,
			);
			sourceTree = "<group>";
		};
		3194F8F11CD86D9200333416 /* Products */ = {
			isa = PBXGroup;
			children = (
				3194F8F01CD86D9200333416 /* libEasyCryptoLib.dylib */,
			);
			name = Products;
			sourceTree = "<group>";
		};
		3194F8F21CD86D9200333416 /* EasyCryptoLib */ = {
			isa = PBXGroup;
			children = (
				3194F8F31CD86D9200333416 /* EasyCryptoLib.hpp */,
				3194F8F71CD86D9200333416 /* EasyCryptoLib.cpp */,
				3194F8F51CD86D9200333416 /* EasyCryptoPriv.hpp */,
				3194F9181CDA092100333416 /* EasyCryptoPrivReverse.hpp */,
				3194F9171CDA092100333416 /* EasyCryptoPrivReverse.cpp */,
				3194F91D1CDA1DD000333416 /* EasyCryptoPrivMatrix.hpp */,
				3194F91C1CDA1DD000333416 /* EasyCryptoPrivMatrix.cpp */,
				3194F91B1CDA1D9100333416 /* EasyCryptoLibBad.hpp */,
				3194F9211CDA3E4E00333416 /* EasyCryptoLibBad.cpp */,
				315F3ACE1CFD6E1E005F22FC /* EasyCryptoExceptions.hpp */,
			);
			path = EasyCryptoLib;
			sourceTree = "<group>";
		};
/* End PBXGroup section */

/* Begin PBXHeadersBuildPhase section */
		3194F8EE1CD86D9200333416 /* Headers */ = {
			isa = PBXHeadersBuildPhase;
			buildActionMask = 2147483647;
			files = (
				3194F8F61CD86D9200333416 /* EasyCryptoPriv.hpp in Headers */,
				3194F91A1CDA092100333416 /* EasyCryptoPrivReverse.hpp in Headers */,
				3194F91F1CDA1DD000333416 /* EasyCryptoPrivMatrix.hpp in Headers */,
			);
			runOnlyForDeploymentPostprocessing = 0;
		};
/* End PBXHeadersBuildPhase section */

/* Begin PBXNativeTarget section */
		3194F8EF1CD86D9200333416 /* EasyCryptoLib */ = {
			isa = PBXNativeTarget;
			buildConfigurationList = 3194F8FB1CD86D9200333416 /* Build configuration list for PBXNativeTarget "EasyCryptoLib" */;
			buildPhases = (
				3194F8EC1CD86D9200333416 /* Sources */,
				3194F8ED1CD86D9200333416 /* Frameworks */,
				3194F8EE1CD86D9200333416 /* Headers */,
				3141684A1CE60FB4004D091C /* CopyFiles */,
				3141684E1CE61212004D091C /* CopyFiles */,
			);
			buildRules = (
			);
			dependencies = (
			);
			name = EasyCryptoLib;
			productName = EasyCryptoLib;
			productReference = 3194F8F01CD86D9200333416 /* libEasyCryptoLib.dylib */;
			productType = "com.apple.product-type.library.dynamic";
		};
/* End PBXNativeTarget section */

/* Begin PBXProject section */
		3194F8E81CD86D9200333416 /* Project object */ = {
			isa = PBXProject;
			attributes = {
				LastUpgradeCheck = 0730;
				ORGANIZATIONNAME = "Antti Juustila";
				TargetAttributes = {
					3194F8EF1CD86D9200333416 = {
						CreatedOnToolsVersion = 7.3;
					};
				};
			};
			buildConfigurationList = 3194F8EB1CD86D9200333416 /* Build configuration list for PBXProject "EasyCryptoLib" */;
			compatibilityVersion = "Xcode 3.2";
			developmentRegion = English;
			hasScannedForEncodings = 0;
			knownRegions = (
				en,
			);
			mainGroup = 3194F8E71CD86D9200333416;
			productRefGroup = 3194F8F11CD86D9200333416 /* Products */;
			projectDirPath = "";
			projectRoot = "";
			targets = (
				3194F8EF1CD86D9200333416 /* EasyCryptoLib */,
			);
		};
/* End PBXProject section */

/* Begin PBXSourcesBuildPhase section */
		3194F8EC1CD86D9200333416 /* Sources */ = {
			isa = PBXSourcesBuildPhase;
			buildActionMask = 2147483647;
			files = (
				3194F8F81CD86D9200333416 /* EasyCryptoLib.cpp in Sources */,
				3194F91E1CDA1DD000333416 /* EasyCryptoPrivMatrix.cpp in Sources */,
				3194F9221CDA3E4E00333416 /* EasyCryptoLibBad.cpp in Sources */,
				3194F9191CDA092100333416 /* EasyCryptoPrivReverse.cpp in Sources */,
			);
			runOnlyForDeploymentPostprocessing = 0;
		};
/* End PBXSourcesBuildPhase section */

/* Begin XCBuildConfiguration section */
		3194F8F91CD86D9200333416 /* Debug */ = {
			isa = XCBuildConfiguration;
			buildSettings = {
				ALWAYS_SEARCH_USER_PATHS = NO;
				CLANG_ANALYZER_NONNULL = YES;
				CLANG_CXX_LANGUAGE_STANDARD = "gnu++0x";
				CLANG_CXX_LIBRARY = "libc++";
				CLANG_ENABLE_MODULES = YES;
				CLANG_ENABLE_OBJC_ARC = YES;
				CLANG_WARN_BOOL_CONVERSION = YES;
				CLANG_WARN_CONSTANT_CONVERSION = YES;
				CLANG_WARN_DIRECT_OBJC_ISA_USAGE = YES_ERROR;
				CLANG_WARN_EMPTY_BODY = YES;
				CLANG_WARN_ENUM_CONVERSION = YES;
				CLANG_WARN_INT_CONVERSION = YES;
				CLANG_WARN_OBJC_ROOT_CLASS = YES_ERROR;
				CLANG_WARN_UNREACHABLE_CODE = YES;
				CLANG_WARN__DUPLICATE_METHOD_MATCH = YES;
				CODE_SIGN_IDENTITY = "-";
				COPY_PHASE_STRIP = NO;
				DEBUG_INFORMATION_FORMAT = dwarf;
				ENABLE_STRICT_OBJC_MSGSEND = YES;
				ENABLE_TESTABILITY = YES;
				GCC_C_LANGUAGE_STANDARD = gnu99;
				GCC_DYNAMIC_NO_PIC = NO;
				GCC_NO_COMMON_BLOCKS = YES;
				GCC_OPTIMIZATION_LEVEL = 0;
				GCC_PREPROCESSOR_DEFINITIONS = (
					"DEBUG=1",
					"$(inherited)",
				);
				GCC_WARN_64_TO_32_BIT_CONVERSION = YES;
				GCC_WARN_ABOUT_RETURN_TYPE = YES_ERROR;
				GCC_WARN_UNDECLARED_SELECTOR = YES;
				GCC_WARN_UNINITIALIZED_AUTOS = YES_AGGRESSIVE;
				GCC_WARN_UNUSED_FUNCTION = YES;
				GCC_WARN_UNUSED_VARIABLE = YES;
				MACOSX_DEPLOYMENT_TARGET = 10.11;
				MTL_ENABLE_DEBUG_INFO = YES;
				ONLY_ACTIVE_ARCH = YES;
				SDKROOT = macosx;
			};
			name = Debug;
		};
		3194F8FA1CD86D9200333416 /* Release */ = {
			isa = XCBuildConfiguration;
			buildSettings = {
				ALWAYS_SEARCH_USER_PATHS = NO;
				CLANG_ANALYZER_NONNULL = YES;
				CLANG_CXX_LANGUAGE_STANDARD = "gnu++0x";
				CLANG_CXX_LIBRARY = "libc++";
				CLANG_ENABLE_MODULES = YES;
				CLANG_ENABLE_OBJC_ARC = YES;
				CLANG_WARN_BOOL_CONVERSION = YES;
				CLANG_WARN_CONSTANT_CONVERSION = YES;
				CLANG_WARN_DIRECT_OBJC_ISA_USAGE = YES_ERROR;
				CLANG_WARN_EMPTY_BODY = YES;
				CLANG_WARN_ENUM_CONVERSION = YES;
				CLANG_WARN_INT_CONVERSION = YES;
				CLANG_WARN_OBJC_ROOT_CLASS = YES_ERROR;
				CLANG_WARN_UNREACHABLE_CODE = YES;
				CLANG_WARN__DUPLICATE_METHOD_MATCH = YES;
				CODE_SIGN_IDENTITY = "-";
				COPY_PHASE_STRIP = NO;
				DEBUG_INFORMATION_FORMAT = "dwarf-with-dsym";
				ENABLE_NS_ASSERTIONS = NO;
				ENABLE_STRICT_OBJC_MSGSEND = YES;
				GCC_C_LANGUAGE_STANDARD = gnu99;
				GCC_NO_COMMON_BLOCKS = YES;
				GCC_WARN_64_TO_32_BIT_CONVERSION = YES;
				GCC_WARN_ABOUT_RETURN_TYPE = YES_ERROR;
				GCC_WARN_UNDECLARED_SELECTOR = YES;
				GCC_WARN_UNINITIALIZED_AUTOS = YES_AGGRESSIVE;
				GCC_WARN_UNUSED_FUNCTION = YES;
				GCC_WARN_UNUSED_VARIABLE = YES;
				MACOSX_DEPLOYMENT_TARGET = 10.11;
				MTL_ENABLE_DEBUG_INFO = NO;
				SDKROOT = macosx;
			};
			name = Release;
		};
		3194F8FC1CD86D9200333416 /* Debug */ = {
			isa = XCBuildConfiguration;
			buildSettings = {
				DYLIB_COMPATIBILITY_VERSION = 1;
				DYLIB_CURRENT_VERSION = 1;
				EXECUTABLE_PREFIX = lib;
				GCC_ENABLE_CPP_EXCEPTIONS = YES;
				GCC_ENABLE_CPP_RTTI = YES;
				GCC_SYMBOLS_PRIVATE_EXTERN = YES;
				PRODUCT_NAME = "$(TARGET_NAME)";
			};
			name = Debug;
		};
		3194F8FD1CD86D9200333416 /* Release */ = {
			isa = XCBuildConfiguration;
			buildSettings = {
				DYLIB_COMPATIBILITY_VERSION = 1;
				DYLIB_CURRENT_VERSION = 1;
				EXECUTABLE_PREFIX = lib;
				GCC_ENABLE_CPP_EXCEPTIONS = YES;
				GCC_ENABLE_CPP_RTTI = YES;
				GCC_SYMBOLS_PRIVATE_EXTERN = YES;
				PRODUCT_NAME = "$(TARGET_NAME)";
			};
			name = Release;
		};
/* End XCBuildConfiguration section */

/* Begin XCConfigurationList section */
		3194F8EB1CD86D9200333416 /* Build configuration list for PBXProject "EasyCryptoLib" */ = {
			isa = XCConfigurationList;
			buildConfigurations = (
				3194F8F91CD86D9200333416 /* Debug */,
				3194F8FA1CD86D9200333416 /* Release */,
			);
			defaultConfigurationIsVisible = 0;
			defaultConfigurationName = Release;
		};
		3194F8FB1CD86D9200333416 /* Build configuration list for PBXNativeTarget "EasyCryptoLib" */ = {
			isa = XCConfigurationList;
			buildConfigurations = (
				3194F8FC1CD86D9200333416 /* Debug */,
				3194F8FD1CD86D9200333416 /* Release */,
			);
			defaultConfigurationIsVisible = 0;
			defaultConfigurationName = Release;
		};
/* End XCConfigurationList section */
	};
	rootObject = 3194F8E81CD86D9200333416 /* Project object */;
}
